
Microsoft Visual Studio Solution File, Format Version 12.00
# Visual Studio Version 17
VisualStudioVersion = 17.0.31903.59
MinimumVisualStudioVersion = 10.0.40219.1
Project("{2150E333-8FDC-42A3-9474-1A3956D46DE8}") = "src", "src", "{3458F8C9-140C-4FCA-BA16-AB9DA063C387}"
EndProject
Project("{2150E333-8FDC-42A3-9474-1A3956D46DE8}") = "Core", "Core", "{14D2A62D-2FCA-455E-A7BF-BA936D20155A}"
EndProject
Project("{FAE04EC0-301F-11D3-BF4B-00C04F79EFBC}") = "SistemaPDV.Core", "src\Core\SistemaPDV.Core\SistemaPDV.Core.csproj", "{6ADBC794-72CB-4CAE-BFE5-DE7653ADEE85}"
EndProject
Project("{2150E333-8FDC-42A3-9474-1A3956D46DE8}") = "Infrastructure", "Infrastructure", "{A8EB2753-E0F5-4E4D-9629-A4F6189BE035}"
EndProject
Project("{FAE04EC0-301F-11D3-BF4B-00C04F79EFBC}") = "SistemaPDV.Infrastructure", "src\Infrastructure\SistemaPDV.Infrastructure\SistemaPDV.Infrastructure.csproj", "{8D8772B3-6A94-48DC-8447-F228824E02EF}"
EndProject
Project("{2150E333-8FDC-42A3-9474-1A3956D46DE8}") = "API", "API", "{55CD456D-726F-4A6F-9644-2AC571CE7A33}"
EndProject
Project("{FAE04EC0-301F-11D3-BF4B-00C04F79EFBC}") = "SistemaPDV.API", "src\API\SistemaPDV.API\SistemaPDV.API.csproj", "{E002639C-2307-495F-8844-FF685A133935}"
EndProject
Project("{2150E333-8FDC-42A3-9474-1A3956D46DE8}") = "Web", "Web", "{5B781994-E21E-4693-88EB-EA5A0B223528}"
EndProject
Project("{FAE04EC0-301F-11D3-BF4B-00C04F79EFBC}") = "SistemaPDV.Web", "src\Web\SistemaPDV.Web\SistemaPDV.Web.csproj", "{310E8FBC-AFFD-436D-B359-8DBE165A8300}"
EndProject
Global
	GlobalSection(SolutionConfigurationPlatforms) = preSolution
		Debug|Any CPU = Debug|Any CPU
		Release|Any CPU = Release|Any CPU
	EndGlobalSection
	GlobalSection(SolutionProperties) = preSolution
		HideSolutionNode = FALSE
	EndGlobalSection
	GlobalSection(ProjectConfigurationPlatforms) = postSolution
		{6ADBC794-72CB-4CAE-BFE5-DE7653ADEE85}.Debug|Any CPU.ActiveCfg = Debug|Any CPU
		{6ADBC794-72CB-4CAE-BFE5-DE7653ADEE85}.Debug|Any CPU.Build.0 = Debug|Any CPU
		{6ADBC794-72CB-4CAE-BFE5-DE7653ADEE85}.Release|Any CPU.ActiveCfg = Release|Any CPU
		{6ADBC794-72CB-4CAE-BFE5-DE7653ADEE85}.Release|Any CPU.Build.0 = Release|Any CPU
		{8D8772B3-6A94-48DC-8447-F228824E02EF}.Debug|Any CPU.ActiveCfg = Debug|Any CPU
		{8D8772B3-6A94-48DC-8447-F228824E02EF}.Debug|Any CPU.Build.0 = Debug|Any CPU
		{8D8772B3-6A94-48DC-8447-F228824E02EF}.Release|Any CPU.ActiveCfg = Release|Any CPU
		{8D8772B3-6A94-48DC-8447-F228824E02EF}.Release|Any CPU.Build.0 = Release|Any CPU
		{E002639C-2307-495F-8844-FF685A133935}.Debug|Any CPU.ActiveCfg = Debug|Any CPU
		{E002639C-2307-495F-8844-FF685A133935}.Debug|Any CPU.Build.0 = Debug|Any CPU
		{E002639C-2307-495F-8844-FF685A133935}.Release|Any CPU.ActiveCfg = Release|Any CPU
		{E002639C-2307-495F-8844-FF685A133935}.Release|Any CPU.Build.0 = Release|Any CPU
		{310E8FBC-AFFD-436D-B359-8DBE165A8300}.Debug|Any CPU.ActiveCfg = Debug|Any CPU
		{310E8FBC-AFFD-436D-B359-8DBE165A8300}.Debug|Any CPU.Build.0 = Debug|Any CPU
		{310E8FBC-AFFD-436D-B359-8DBE165A8300}.Release|Any CPU.ActiveCfg = Release|Any CPU
		{310E8FBC-AFFD-436D-B359-8DBE165A8300}.Release|Any CPU.Build.0 = Release|Any CPU
	EndGlobalSection
	GlobalSection(NestedProjects) = preSolution
		{14D2A62D-2FCA-455E-A7BF-BA936D20155A} = {3458F8C9-140C-4FCA-BA16-AB9DA063C387}
		{6ADBC794-72CB-4CAE-BFE5-DE7653ADEE85} = {14D2A62D-2FCA-455E-A7BF-BA936D20155A}
		{A8EB2753-E0F5-4E4D-9629-A4F6189BE035} = {3458F8C9-140C-4FCA-BA16-AB9DA063C387}
		{8D8772B3-6A94-48DC-8447-F228824E02EF} = {A8EB2753-E0F5-4E4D-9629-A4F6189BE035}
		{55CD456D-726F-4A6F-9644-2AC571CE7A33} = {3458F8C9-140C-4FCA-BA16-AB9DA063C387}
		{E002639C-2307-495F-8844-FF685A133935} = {55CD456D-726F-4A6F-9644-2AC571CE7A33}
		{5B781994-E21E-4693-88EB-EA5A0B223528} = {3458F8C9-140C-4FCA-BA16-AB9DA063C387}
		{310E8FBC-AFFD-436D-B359-8DBE165A8300} = {5B781994-E21E-4693-88EB-EA5A0B223528}
	EndGlobalSection
EndGlobal
